// !$*UTF8*$!
{
	archiveVersion = 1;
	classes = {
	};
	objectVersion = 50;
	objects = {

/* Begin PBXBuildFile section */
		E90F5D4820CE46380020CF60 /* AppDelegate.swift in Sources */ = {isa = PBXBuildFile; fileRef = E90F5D4720CE46380020CF60 /* AppDelegate.swift */; };
		E90F5D4A20CE46380020CF60 /* ViewController.swift in Sources */ = {isa = PBXBuildFile; fileRef = E90F5D4920CE46380020CF60 /* ViewController.swift */; };
		E90F5D4D20CE46380020CF60 /* Main.storyboard in Resources */ = {isa = PBXBuildFile; fileRef = E90F5D4B20CE46380020CF60 /* Main.storyboard */; };
		E90F5D4F20CE46390020CF60 /* Assets.xcassets in Resources */ = {isa = PBXBuildFile; fileRef = E90F5D4E20CE46390020CF60 /* Assets.xcassets */; };
		E90F5D5220CE46390020CF60 /* LaunchScreen.storyboard in Resources */ = {isa = PBXBuildFile; fileRef = E90F5D5020CE46390020CF60 /* LaunchScreen.storyboard */; };
		E9FCC32A20D1134D0005C83D /* FirstPageViewController.swift in Sources */ = {isa = PBXBuildFile; fileRef = E9FCC32920D1134D0005C83D /* FirstPageViewController.swift */; };
		E9FCC32C20D1135B0005C83D /* SecondPageViewController.swift in Sources */ = {isa = PBXBuildFile; fileRef = E9FCC32B20D1135B0005C83D /* SecondPageViewController.swift */; };
		E9FCC32E20D113670005C83D /* ThirdPageViewController.swift in Sources */ = {isa = PBXBuildFile; fileRef = E9FCC32D20D113670005C83D /* ThirdPageViewController.swift */; };
		E9FCC33020D116DF0005C83D /* PageViewController.swift in Sources */ = {isa = PBXBuildFile; fileRef = E9FCC32F20D116DF0005C83D /* PageViewController.swift */; };
/* End PBXBuildFile section */

/* Begin PBXFileReference section */
		E90F5D4420CE46380020CF60 /* PageViewControllerDemo.app */ = {isa = PBXFileReference; explicitFileType = wrapper.application; includeInIndex = 0; path = PageViewControllerDemo.app; sourceTree = BUILT_PRODUCTS_DIR; };
		E90F5D4720CE46380020CF60 /* AppDelegate.swift */ = {isa = PBXFileReference; lastKnownFileType = sourcecode.swift; path = AppDelegate.swift; sourceTree = "<group>"; };
		E90F5D4920CE46380020CF60 /* ViewController.swift */ = {isa = PBXFileReference; lastKnownFileType = sourcecode.swift; path = ViewController.swift; sourceTree = "<group>"; };
		E90F5D4C20CE46380020CF60 /* Base */ = {isa = PBXFileReference; lastKnownFileType = file.storyboard; name = Base; path = Base.lproj/Main.storyboard; sourceTree = "<group>"; };
		E90F5D4E20CE46390020CF60 /* Assets.xcassets */ = {isa = PBXFileReference; lastKnownFileType = folder.assetcatalog; path = Assets.xcassets; sourceTree = "<group>"; };
		E90F5D5120CE46390020CF60 /* Base */ = {isa = PBXFileReference; lastKnownFileType = file.storyboard; name = Base; path = Base.lproj/LaunchScreen.storyboard; sourceTree = "<group>"; };
		E90F5D5320CE463A0020CF60 /* Info.plist */ = {isa = PBXFileReference; lastKnownFileType = text.plist.xml; path = Info.plist; sourceTree = "<group>"; };
		E9FCC32920D1134D0005C83D /* FirstPageViewController.swift */ = {isa = PBXFileReference; lastKnownFileType = sourcecode.swift; path = FirstPageViewController.swift; sourceTree = "<group>"; };
		E9FCC32B20D1135B0005C83D /* SecondPageViewController.swift */ = {isa = PBXFileReference; lastKnownFileType = sourcecode.swift; path = SecondPageViewController.swift; sourceTree = "<group>"; };
		E9FCC32D20D113670005C83D /* ThirdPageViewController.swift */ = {isa = PBXFileReference; lastKnownFileType = sourcecode.swift; path = ThirdPageViewController.swift; sourceTree = "<group>"; };
		E9FCC32F20D116DF0005C83D /* PageViewController.swift */ = {isa = PBXFileReference; lastKnownFileType = sourcecode.swift; path = PageViewController.swift; sourceTree = "<group>"; };
/* End PBXFileReference section */

/* Begin PBXFrameworksBuildPhase section */
		E90F5D4120CE46380020CF60 /* Frameworks */ = {
			isa = PBXFrameworksBuildPhase;
			buildActionMask = 2147483647;
			files = (
			);
			runOnlyForDeploymentPostprocessing = 0;
		};
/* End PBXFrameworksBuildPhase section */

/* Begin PBXGroup section */
		E90F5D3B20CE46380020CF60 = {
			isa = PBXGroup;
			children = (
				E90F5D4620CE46380020CF60 /* PageViewControllerDemo */,
				E90F5D4520CE46380020CF60 /* Products */,
			);
			sourceTree = "<group>";
		};
		E90F5D4520CE46380020CF60 /* Products */ = {
			isa = PBXGroup;
			children = (
				E90F5D4420CE46380020CF60 /* PageViewControllerDemo.app */,
			);
			name = Products;
			sourceTree = "<group>";
		};
		E90F5D4620CE46380020CF60 /* PageViewControllerDemo */ = {
			isa = PBXGroup;
			children = (
				E90F5D4720CE46380020CF60 /* AppDelegate.swift */,
				E90F5D4920CE46380020CF60 /* ViewController.swift */,
				E90F5D4B20CE46380020CF60 /* Main.storyboard */,
				E90F5D4E20CE46390020CF60 /* Assets.xcassets */,
				E90F5D5020CE46390020CF60 /* LaunchScreen.storyboard */,
				E90F5D5320CE463A0020CF60 /* Info.plist */,
				E9FCC32920D1134D0005C83D /* FirstPageViewController.swift */,
				E9FCC32B20D1135B0005C83D /* SecondPageViewController.swift */,
				E9FCC32D20D113670005C83D /* ThirdPageViewController.swift */,
				E9FCC32F20D116DF0005C83D /* PageViewController.swift */,
			);
			path = PageViewControllerDemo;
			sourceTree = "<group>";
		};
/* End PBXGroup section */

/* Begin PBXNativeTarget section */
		E90F5D4320CE46380020CF60 /* PageViewControllerDemo */ = {
			isa = PBXNativeTarget;
			buildConfigurationList = E90F5D5620CE463A0020CF60 /* Build configuration list for PBXNativeTarget "PageViewControllerDemo" */;
			buildPhases = (
				E90F5D4020CE46380020CF60 /* Sources */,
				E90F5D4120CE46380020CF60 /* Frameworks */,
				E90F5D4220CE46380020CF60 /* Resources */,
			);
			buildRules = (
			);
			dependencies = (
			);
			name = PageViewControllerDemo;
			productName = PageViewControllerDemo;
			productReference = E90F5D4420CE46380020CF60 /* PageViewControllerDemo.app */;
			productType = "com.apple.product-type.application";
		};
/* End PBXNativeTarget section */

/* Begin PBXProject section */
		E90F5D3C20CE46380020CF60 /* Project object */ = {
			isa = PBXProject;
			attributes = {
				LastSwiftUpdateCheck = 0930;
				LastUpgradeCheck = 0930;
				ORGANIZATIONNAME = "陳韋全";
				TargetAttributes = {
					E90F5D4320CE46380020CF60 = {
						CreatedOnToolsVersion = 9.3;
					};
				};
			};
			buildConfigurationList = E90F5D3F20CE46380020CF60 /* Build configuration list for PBXProject "PageViewControllerDemo" */;
			compatibilityVersion = "Xcode 9.3";
			developmentRegion = en;
			hasScannedForEncodings = 0;
			knownRegions = (
				en,
				Base,
			);
			mainGroup = E90F5D3B20CE46380020CF60;
			productRefGroup = E90F5D4520CE46380020CF60 /* Products */;
			projectDirPath = "";
			projectRoot = "";
			targets = (
				E90F5D4320CE46380020CF60 /* PageViewControllerDemo */,
			);
		};
/* End PBXProject section */

/* Begin PBXResourcesBuildPhase section */
		E90F5D4220CE46380020CF60 /* Resources */ = {
			isa = PBXResourcesBuildPhase;
			buildActionMask = 2147483647;
			files = (
				E90F5D5220CE46390020CF60 /* LaunchScreen.storyboard in Resources */,
				E90F5D4F20CE46390020CF60 /* Assets.xcassets in Resources */,
				E90F5D4D20CE46380020CF60 /* Main.storyboard in Resources */,
			);
			runOnlyForDeploymentPostprocessing = 0;
		};
/* End PBXResourcesBuildPhase section */

/* Begin PBXSourcesBuildPhase section */
		E90F5D4020CE46380020CF60 /* Sources */ = {
			isa = PBXSourcesBuildPhase;
			buildActionMask = 2147483647;
			files = (
				E9FCC32A20D1134D0005C83D /* FirstPageViewController.swift in Sources */,
				E9FCC32C20D1135B0005C83D /* SecondPageViewController.swift in Sources */,
				E90F5D4A20CE46380020CF60 /* ViewController.swift in Sources */,
				E9FCC33020D116DF0005C83D /* PageViewController.swift in Sources */,
				E90F5D4820CE46380020CF60 /* AppDelegate.swift in Sources */,
				E9FCC32E20D113670005C83D /* ThirdPageViewController.swift in Sources */,
			);
			runOnlyForDeploymentPostprocessing = 0;
		};
/* End PBXSourcesBuildPhase section */

/* Begin PBXVariantGroup section */
		E90F5D4B20CE46380020CF60 /* Main.storyboard */ = {
			isa = PBXVariantGroup;
			children = (
				E90F5D4C20CE46380020CF60 /* Base */,
			);
			name = Main.storyboard;
			sourceTree = "<group>";
		};
		E90F5D5020CE46390020CF60 /* LaunchScreen.storyboard */ = {
			isa = PBXVariantGroup;
			children = (
				E90F5D5120CE46390020CF60 /* Base */,
			);
			name = LaunchScreen.storyboard;
			sourceTree = "<group>";
		};
/* End PBXVariantGroup section */

/* Begin XCBuildConfiguration section */
		E90F5D5420CE463A0020CF60 /* Debug */ = {
			isa = XCBuildConfiguration;
			buildSettings = {
				ALWAYS_SEARCH_USER_PATHS = NO;
				CLANG_ANALYZER_NONNULL = YES;
				CLANG_ANALYZER_NUMBER_OBJECT_CONVERSION = YES_AGGRESSIVE;
				CLANG_CXX_LANGUAGE_STANDARD = "gnu++14";
				CLANG_CXX_LIBRARY = "libc++";
				CLANG_ENABLE_MODULES = YES;
				CLANG_ENABLE_OBJC_ARC = YES;
				CLANG_ENABLE_OBJC_WEAK = YES;
				CLANG_WARN_BLOCK_CAPTURE_AUTORELEASING = YES;
				CLANG_WARN_BOOL_CONVERSION = YES;
				CLANG_WARN_COMMA = YES;
				CLANG_WARN_CONSTANT_CONVERSION = YES;
				CLANG_WARN_DEPRECATED_OBJC_IMPLEMENTATIONS = YES;
				CLANG_WARN_DIRECT_OBJC_ISA_USAGE = YES_ERROR;
				CLANG_WARN_DOCUMENTATION_COMMENTS = YES;
				CLANG_WARN_EMPTY_BODY = YES;
				CLANG_WARN_ENUM_CONVERSION = YES;
				CLANG_WARN_INFINITE_RECURSION = YES;
				CLANG_WARN_INT_CONVERSION = YES;
				CLANG_WARN_NON_LITERAL_NULL_CONVERSION = YES;
				CLANG_WARN_OBJC_IMPLICIT_RETAIN_SELF = YES;
				CLANG_WARN_OBJC_LITERAL_CONVERSION = YES;
				CLANG_WARN_OBJC_ROOT_CLASS = YES_ERROR;
				CLANG_WARN_RANGE_LOOP_ANALYSIS = YES;
				CLANG_WARN_STRICT_PROTOTYPES = YES;
				CLANG_WARN_SUSPICIOUS_MOVE = YES;
				CLANG_WARN_UNGUARDED_AVAILABILITY = YES_AGGRESSIVE;
				CLANG_WARN_UNREACHABLE_CODE = YES;
				CLANG_WARN__DUPLICATE_METHOD_MATCH = YES;
				CODE_SIGN_IDENTITY = "iPhone Developer";
				COPY_PHASE_STRIP = NO;
				DEBUG_INFORMATION_FORMAT = dwarf;
				ENABLE_STRICT_OBJC_MSGSEND = YES;
				ENABLE_TESTABILITY = YES;
				GCC_C_LANGUAGE_STANDARD = gnu11;
				GCC_DYNAMIC_NO_PIC = NO;
				GCC_NO_COMMON_BLOCKS = YES;
				GCC_OPTIMIZATION_LEVEL = 0;
				GCC_PREPROCESSOR_DEFINITIONS = (
					"DEBUG=1",
					"$(inherited)",
				);
				GCC_WARN_64_TO_32_BIT_CONVERSION = YES;
				GCC_WARN_ABOUT_RETURN_TYPE = YES_ERROR;
				GCC_WARN_UNDECLARED_SELECTOR = YES;
				GCC_WARN_UNINITIALIZED_AUTOS = YES_AGGRESSIVE;
				GCC_WARN_UNUSED_FUNCTION = YES;
				GCC_WARN_UNUSED_VARIABLE = YES;
				IPHONEOS_DEPLOYMENT_TARGET = 11.3;
				MTL_ENABLE_DEBUG_INFO = YES;
				ONLY_ACTIVE_ARCH = YES;
				SDKROOT = iphoneos;
				SWIFT_ACTIVE_COMPILATION_CONDITIONS = DEBUG;
				SWIFT_OPTIMIZATION_LEVEL = "-Onone";
			};
			name = Debug;
		};
		E90F5D5520CE463A0020CF60 /* Release */ = {
			isa = XCBuildConfiguration;
			buildSettings = {
				ALWAYS_SEARCH_USER_PATHS = NO;
				CLANG_ANALYZER_NONNULL = YES;
				CLANG_ANALYZER_NUMBER_OBJECT_CONVERSION = YES_AGGRESSIVE;
				CLANG_CXX_LANGUAGE_STANDARD = "gnu++14";
				CLANG_CXX_LIBRARY = "libc++";
				CLANG_ENABLE_MODULES = YES;
				CLANG_ENABLE_OBJC_ARC = YES;
				CLANG_ENABLE_OBJC_WEAK = YES;
				CLANG_WARN_BLOCK_CAPTURE_AUTORELEASING = YES;
				CLANG_WARN_BOOL_CONVERSION = YES;
				CLANG_WARN_COMMA = YES;
				CLANG_WARN_CONSTANT_CONVERSION = YES;
				CLANG_WARN_DEPRECATED_OBJC_IMPLEMENTATIONS = YES;
				CLANG_WARN_DIRECT_OBJC_ISA_USAGE = YES_ERROR;
				CLANG_WARN_DOCUMENTATION_COMMENTS = YES;
				CLANG_WARN_EMPTY_BODY = YES;
				CLANG_WARN_ENUM_CONVERSION = YES;
				CLANG_WARN_INFINITE_RECURSION = YES;
				CLANG_WARN_INT_CONVERSION = YES;
				CLANG_WARN_NON_LITERAL_NULL_CONVERSION = YES;
				CLANG_WARN_OBJC_IMPLICIT_RETAIN_SELF = YES;
				CLANG_WARN_OBJC_LITERAL_CONVERSION = YES;
				CLANG_WARN_OBJC_ROOT_CLASS = YES_ERROR;
				CLANG_WARN_RANGE_LOOP_ANALYSIS = YES;
				CLANG_WARN_STRICT_PROTOTYPES = YES;
				CLANG_WARN_SUSPICIOUS_MOVE = YES;
				CLANG_WARN_UNGUARDED_AVAILABILITY = YES_AGGRESSIVE;
				CLANG_WARN_UNREACHABLE_CODE = YES;
				CLANG_WARN__DUPLICATE_METHOD_MATCH = YES;
				CODE_SIGN_IDENTITY = "iPhone Developer";
				COPY_PHASE_STRIP = NO;
				DEBUG_INFORMATION_FORMAT = "dwarf-with-dsym";
				ENABLE_NS_ASSERTIONS = NO;
				ENABLE_STRICT_OBJC_MSGSEND = YES;
				GCC_C_LANGUAGE_STANDARD = gnu11;
				GCC_NO_COMMON_BLOCKS = YES;
				GCC_WARN_64_TO_32_BIT_CONVERSION = YES;
				GCC_WARN_ABOUT_RETURN_TYPE = YES_ERROR;
				GCC_WARN_UNDECLARED_SELECTOR = YES;
				GCC_WARN_UNINITIALIZED_AUTOS = YES_AGGRESSIVE;
				GCC_WARN_UNUSED_FUNCTION = YES;
				GCC_WARN_UNUSED_VARIABLE = YES;
				IPHONEOS_DEPLOYMENT_TARGET = 11.3;
				MTL_ENABLE_DEBUG_INFO = NO;
				SDKROOT = iphoneos;
				SWIFT_COMPILATION_MODE = wholemodule;
				SWIFT_OPTIMIZATION_LEVEL = "-O";
				VALIDATE_PRODUCT = YES;
			};
			name = Release;
		};
		E90F5D5720CE463A0020CF60 /* Debug */ = {
			isa = XCBuildConfiguration;
			buildSettings = {
				ASSETCATALOG_COMPILER_APPICON_NAME = AppIcon;
				CODE_SIGN_STYLE = Automatic;
				DEVELOPMENT_TEAM = VP244PDZMX;
				INFOPLIST_FILE = PageViewControllerDemo/Info.plist;
				LD_RUNPATH_SEARCH_PATHS = (
					"$(inherited)",
					"@executable_path/Frameworks",
				);
				PRODUCT_BUNDLE_IDENTIFIER = kingwaytek.PageViewControllerDemo;
				PRODUCT_NAME = "$(TARGET_NAME)";
				SWIFT_VERSION = 4.0;
				TARGETED_DEVICE_FAMILY = "1,2";
			};
			name = Debug;
		};
		E90F5D5820CE463A0020CF60 /* Release */ = {
			isa = XCBuildConfiguration;
			buildSettings = {
				ASSETCATALOG_COMPILER_APPICON_NAME = AppIcon;
				CODE_SIGN_STYLE = Automatic;
				DEVELOPMENT_TEAM = VP244PDZMX;
				INFOPLIST_FILE = PageViewControllerDemo/Info.plist;
				LD_RUNPATH_SEARCH_PATHS = (
					"$(inherited)",
					"@executable_path/Frameworks",
				);
				PRODUCT_BUNDLE_IDENTIFIER = kingwaytek.PageViewControllerDemo;
				PRODUCT_NAME = "$(TARGET_NAME)";
				SWIFT_VERSION = 4.0;
				TARGETED_DEVICE_FAMILY = "1,2";
			};
			name = Release;
		};
/* End XCBuildConfiguration section */

/* Begin XCConfigurationList section */
		E90F5D3F20CE46380020CF60 /* Build configuration list for PBXProject "PageViewControllerDemo" */ = {
			isa = XCConfigurationList;
			buildConfigurations = (
				E90F5D5420CE463A0020CF60 /* Debug */,
				E90F5D5520CE463A0020CF60 /* Release */,
			);
			defaultConfigurationIsVisible = 0;
			defaultConfigurationName = Release;
		};
		E90F5D5620CE463A0020CF60 /* Build configuration list for PBXNativeTarget "PageViewControllerDemo" */ = {
			isa = XCConfigurationList;
			buildConfigurations = (
				E90F5D5720CE463A0020CF60 /* Debug */,
				E90F5D5820CE463A0020CF60 /* Release */,
			);
			defaultConfigurationIsVisible = 0;
			defaultConfigurationName = Release;
		};
/* End XCConfigurationList section */
	};
	rootObject = E90F5D3C20CE46380020CF60 /* Project object */;
}
